
Microsoft Visual Studio Solution File, Format Version 12.00
# Visual Studio 15
VisualStudioVersion = 15.0.27004.2006
MinimumVisualStudioVersion = 10.0.40219.1
Project("{9A19103F-16F7-4668-BE54-9A1E7A4F7556}") = "TodoServer", "TodoServer\TodoServer.csproj", "{953EB1E2-FE79-4F8D-9529-2E57F02CB060}"
EndProject
Project("{9A19103F-16F7-4668-BE54-9A1E7A4F7556}") = "TodoCommonLogic", "TodoCommonLogic\TodoCommonLogic.csproj", "{4DAA84EF-FF11-48BD-B16A-B9A296AF1D1D}"
EndProject
Project("{9A19103F-16F7-4668-BE54-9A1E7A4F7556}") = "TodoDataAccess", "TodoDataAccess\TodoDataAccess.csproj", "{24EFCCAA-0C63-4B29-99DA-E040530455E2}"
EndProject
Project("{FAE04EC0-301F-11D3-BF4B-00C04F79EFBC}") = "TodoClient", "TodoClient\TodoClient.csproj", "{4F12C435-2884-403B-B4D7-98D1AA346157}"
EndProject
Global
	GlobalSection(SolutionConfigurationPlatforms) = preSolution
		Debug|Any CPU = Debug|Any CPU
		Release|Any CPU = Release|Any CPU
	EndGlobalSection
	GlobalSection(ProjectConfigurationPlatforms) = postSolution
		{953EB1E2-FE79-4F8D-9529-2E57F02CB060}.Debug|Any CPU.ActiveCfg = Debug|Any CPU
		{953EB1E2-FE79-4F8D-9529-2E57F02CB060}.Debug|Any CPU.Build.0 = Debug|Any CPU
		{953EB1E2-FE79-4F8D-9529-2E57F02CB060}.Release|Any CPU.ActiveCfg = Release|Any CPU
		{953EB1E2-FE79-4F8D-9529-2E57F02CB060}.Release|Any CPU.Build.0 = Release|Any CPU
		{4DAA84EF-FF11-48BD-B16A-B9A296AF1D1D}.Debug|Any CPU.ActiveCfg = Debug|Any CPU
		{4DAA84EF-FF11-48BD-B16A-B9A296AF1D1D}.Debug|Any CPU.Build.0 = Debug|Any CPU
		{4DAA84EF-FF11-48BD-B16A-B9A296AF1D1D}.Release|Any CPU.ActiveCfg = Release|Any CPU
		{4DAA84EF-FF11-48BD-B16A-B9A296AF1D1D}.Release|Any CPU.Build.0 = Release|Any CPU
		{24EFCCAA-0C63-4B29-99DA-E040530455E2}.Debug|Any CPU.ActiveCfg = Debug|Any CPU
		{24EFCCAA-0C63-4B29-99DA-E040530455E2}.Debug|Any CPU.Build.0 = Debug|Any CPU
		{24EFCCAA-0C63-4B29-99DA-E040530455E2}.Release|Any CPU.ActiveCfg = Release|Any CPU
		{24EFCCAA-0C63-4B29-99DA-E040530455E2}.Release|Any CPU.Build.0 = Release|Any CPU
		{4F12C435-2884-403B-B4D7-98D1AA346157}.Debug|Any CPU.ActiveCfg = Debug|Any CPU
		{4F12C435-2884-403B-B4D7-98D1AA346157}.Debug|Any CPU.Build.0 = Debug|Any CPU
		{4F12C435-2884-403B-B4D7-98D1AA346157}.Release|Any CPU.ActiveCfg = Release|Any CPU
		{4F12C435-2884-403B-B4D7-98D1AA346157}.Release|Any CPU.Build.0 = Release|Any CPU
	EndGlobalSection
	GlobalSection(SolutionProperties) = preSolution
		HideSolutionNode = FALSE
	EndGlobalSection
	GlobalSection(ExtensibilityGlobals) = postSolution
		SolutionGuid = {646EA532-0F58-4057-A83A-DE8A0CB12D07}
	EndGlobalSection
EndGlobal
